
Microsoft Visual Studio Solution File, Format Version 12.00
# Visual Studio Version 17
VisualStudioVersion = 17.6.33829.357
MinimumVisualStudioVersion = 10.0.40219.1
Project("{9A19103F-16F7-4668-BE54-9A1E7A4F7556}") = "DemoManageSys", "DemoManageSys\DemoManageSys.csproj", "{07925733-16C9-4A0B-A524-B4F4CC53F3D8}"
EndProject
Project("{9A19103F-16F7-4668-BE54-9A1E7A4F7556}") = "Models", "Models\Models.csproj", "{C391F58B-6BD0-4C3C-9730-8094A8B93121}"
EndProject
Project("{9A19103F-16F7-4668-BE54-9A1E7A4F7556}") = "Common", "Common\Common.csproj", "{9325CE19-2797-4ED4-AFF5-2D136F5A9704}"
EndProject
Project("{FAE04EC0-301F-11D3-BF4B-00C04F79EFBC}") = "IDAL", "IDAL\IDAL.csproj", "{90A4660E-574A-4049-944F-CF9C0CAD4006}"
EndProject
Project("{FAE04EC0-301F-11D3-BF4B-00C04F79EFBC}") = "IBLL", "IBLL\IBLL.csproj", "{644D3308-1641-4162-BF30-D0D7B7FC6489}"
EndProject
Project("{FAE04EC0-301F-11D3-BF4B-00C04F79EFBC}") = "DAL", "DAL\DAL.csproj", "{DEC767FD-5F0D-47EB-B7A9-3967EE33C56B}"
EndProject
Project("{FAE04EC0-301F-11D3-BF4B-00C04F79EFBC}") = "BLL", "BLL\BLL.csproj", "{7147BEB2-AA60-48A9-AA93-5202EB25E53B}"
EndProject
Global
	GlobalSection(SolutionConfigurationPlatforms) = preSolution
		Debug|Any CPU = Debug|Any CPU
		Release|Any CPU = Release|Any CPU
	EndGlobalSection
	GlobalSection(ProjectConfigurationPlatforms) = postSolution
		{07925733-16C9-4A0B-A524-B4F4CC53F3D8}.Debug|Any CPU.ActiveCfg = Debug|Any CPU
		{07925733-16C9-4A0B-A524-B4F4CC53F3D8}.Debug|Any CPU.Build.0 = Debug|Any CPU
		{07925733-16C9-4A0B-A524-B4F4CC53F3D8}.Release|Any CPU.ActiveCfg = Release|Any CPU
		{07925733-16C9-4A0B-A524-B4F4CC53F3D8}.Release|Any CPU.Build.0 = Release|Any CPU
		{C391F58B-6BD0-4C3C-9730-8094A8B93121}.Debug|Any CPU.ActiveCfg = Debug|Any CPU
		{C391F58B-6BD0-4C3C-9730-8094A8B93121}.Debug|Any CPU.Build.0 = Debug|Any CPU
		{C391F58B-6BD0-4C3C-9730-8094A8B93121}.Release|Any CPU.ActiveCfg = Release|Any CPU
		{C391F58B-6BD0-4C3C-9730-8094A8B93121}.Release|Any CPU.Build.0 = Release|Any CPU
		{9325CE19-2797-4ED4-AFF5-2D136F5A9704}.Debug|Any CPU.ActiveCfg = Debug|Any CPU
		{9325CE19-2797-4ED4-AFF5-2D136F5A9704}.Debug|Any CPU.Build.0 = Debug|Any CPU
		{9325CE19-2797-4ED4-AFF5-2D136F5A9704}.Release|Any CPU.ActiveCfg = Release|Any CPU
		{9325CE19-2797-4ED4-AFF5-2D136F5A9704}.Release|Any CPU.Build.0 = Release|Any CPU
		{90A4660E-574A-4049-944F-CF9C0CAD4006}.Debug|Any CPU.ActiveCfg = Debug|Any CPU
		{90A4660E-574A-4049-944F-CF9C0CAD4006}.Debug|Any CPU.Build.0 = Debug|Any CPU
		{90A4660E-574A-4049-944F-CF9C0CAD4006}.Release|Any CPU.ActiveCfg = Release|Any CPU
		{90A4660E-574A-4049-944F-CF9C0CAD4006}.Release|Any CPU.Build.0 = Release|Any CPU
		{644D3308-1641-4162-BF30-D0D7B7FC6489}.Debug|Any CPU.ActiveCfg = Debug|Any CPU
		{644D3308-1641-4162-BF30-D0D7B7FC6489}.Debug|Any CPU.Build.0 = Debug|Any CPU
		{644D3308-1641-4162-BF30-D0D7B7FC6489}.Release|Any CPU.ActiveCfg = Release|Any CPU
		{644D3308-1641-4162-BF30-D0D7B7FC6489}.Release|Any CPU.Build.0 = Release|Any CPU
		{DEC767FD-5F0D-47EB-B7A9-3967EE33C56B}.Debug|Any CPU.ActiveCfg = Debug|Any CPU
		{DEC767FD-5F0D-47EB-B7A9-3967EE33C56B}.Debug|Any CPU.Build.0 = Debug|Any CPU
		{DEC767FD-5F0D-47EB-B7A9-3967EE33C56B}.Release|Any CPU.ActiveCfg = Release|Any CPU
		{DEC767FD-5F0D-47EB-B7A9-3967EE33C56B}.Release|Any CPU.Build.0 = Release|Any CPU
		{7147BEB2-AA60-48A9-AA93-5202EB25E53B}.Debug|Any CPU.ActiveCfg = Debug|Any CPU
		{7147BEB2-AA60-48A9-AA93-5202EB25E53B}.Debug|Any CPU.Build.0 = Debug|Any CPU
		{7147BEB2-AA60-48A9-AA93-5202EB25E53B}.Release|Any CPU.ActiveCfg = Release|Any CPU
		{7147BEB2-AA60-48A9-AA93-5202EB25E53B}.Release|Any CPU.Build.0 = Release|Any CPU
	EndGlobalSection
	GlobalSection(SolutionProperties) = preSolution
		HideSolutionNode = FALSE
	EndGlobalSection
	GlobalSection(ExtensibilityGlobals) = postSolution
		SolutionGuid = {768F60C3-4A6E-49F2-A748-E7E00182A5B9}
	EndGlobalSection
EndGlobal
